
Microsoft Visual Studio Solution File, Format Version 12.00
# Visual Studio 15
VisualStudioVersion = 15.0.28307.852
MinimumVisualStudioVersion = 10.0.40219.1
Project("{FAE04EC0-301F-11D3-BF4B-00C04F79EFBC}") = "LL00SingleLinkedList", "LL00SingleLinkedList\LL00SingleLinkedList.csproj", "{293A1B6B-5991-4F78-865C-E7A6CC2CDA13}"
EndProject
Global
	GlobalSection(SolutionConfigurationPlatforms) = preSolution
		Debug|Any CPU = Debug|Any CPU
		Release|Any CPU = Release|Any CPU
	EndGlobalSection
	GlobalSection(ProjectConfigurationPlatforms) = postSolution
		{293A1B6B-5991-4F78-865C-E7A6CC2CDA13}.Debug|Any CPU.ActiveCfg = Debug|Any CPU
		{293A1B6B-5991-4F78-865C-E7A6CC2CDA13}.Debug|Any CPU.Build.0 = Debug|Any CPU
		{293A1B6B-5991-4F78-865C-E7A6CC2CDA13}.Release|Any CPU.ActiveCfg = Release|Any CPU
		{293A1B6B-5991-4F78-865C-E7A6CC2CDA13}.Release|Any CPU.Build.0 = Release|Any CPU
	EndGlobalSection
	GlobalSection(SolutionProperties) = preSolution
		HideSolutionNode = FALSE
	EndGlobalSection
	GlobalSection(ExtensibilityGlobals) = postSolution
		SolutionGuid = {A30927E3-C07E-4BD2-AC38-EEA7E81B5035}
	EndGlobalSection
EndGlobal
